
Microsoft Visual Studio Solution File, Format Version 12.00
# Visual Studio Version 17
VisualStudioVersion = 17.14.36518.9 d17.14
MinimumVisualStudioVersion = 10.0.40219.1
Project("{FAE04EC0-301F-11D3-BF4B-00C04F79EFBC}") = "SecureChatApp", "SecureChatApp\SecureChatApp.csproj", "{2B3F038D-F442-4835-A0BC-81D01EA84BDE}"
EndProject
Project("{FAE04EC0-301F-11D3-BF4B-00C04F79EFBC}") = "SecureChatServer", "SecureChatServer\SecureChatServer.csproj", "{230DD14A-8E29-4F4C-BC6E-8DCD5B17108F}"
EndProject
Project("{FAE04EC0-301F-11D3-BF4B-00C04F79EFBC}") = "SecureChatClientGUI", "SecureChatClientGUI\SecureChatClientGUI.csproj", "{03FB30E6-9F02-49E2-AC93-E45708328D42}"
EndProject
Global
	GlobalSection(SolutionConfigurationPlatforms) = preSolution
		Debug|Any CPU = Debug|Any CPU
		Release|Any CPU = Release|Any CPU
	EndGlobalSection
	GlobalSection(ProjectConfigurationPlatforms) = postSolution
		{2B3F038D-F442-4835-A0BC-81D01EA84BDE}.Debug|Any CPU.ActiveCfg = Debug|Any CPU
		{2B3F038D-F442-4835-A0BC-81D01EA84BDE}.Debug|Any CPU.Build.0 = Debug|Any CPU
		{2B3F038D-F442-4835-A0BC-81D01EA84BDE}.Release|Any CPU.ActiveCfg = Release|Any CPU
		{2B3F038D-F442-4835-A0BC-81D01EA84BDE}.Release|Any CPU.Build.0 = Release|Any CPU
		{230DD14A-8E29-4F4C-BC6E-8DCD5B17108F}.Debug|Any CPU.ActiveCfg = Debug|Any CPU
		{230DD14A-8E29-4F4C-BC6E-8DCD5B17108F}.Debug|Any CPU.Build.0 = Debug|Any CPU
		{230DD14A-8E29-4F4C-BC6E-8DCD5B17108F}.Release|Any CPU.ActiveCfg = Release|Any CPU
		{230DD14A-8E29-4F4C-BC6E-8DCD5B17108F}.Release|Any CPU.Build.0 = Release|Any CPU
		{03FB30E6-9F02-49E2-AC93-E45708328D42}.Debug|Any CPU.ActiveCfg = Debug|Any CPU
		{03FB30E6-9F02-49E2-AC93-E45708328D42}.Debug|Any CPU.Build.0 = Debug|Any CPU
		{03FB30E6-9F02-49E2-AC93-E45708328D42}.Release|Any CPU.ActiveCfg = Release|Any CPU
		{03FB30E6-9F02-49E2-AC93-E45708328D42}.Release|Any CPU.Build.0 = Release|Any CPU
	EndGlobalSection
	GlobalSection(SolutionProperties) = preSolution
		HideSolutionNode = FALSE
	EndGlobalSection
	GlobalSection(ExtensibilityGlobals) = postSolution
		SolutionGuid = {A186200A-D294-45DD-B70D-B770A0FD94B1}
	EndGlobalSection
EndGlobal
